
Microsoft Visual Studio Solution File, Format Version 12.00
# Visual Studio Version 17
VisualStudioVersion = 17.11.35303.130
MinimumVisualStudioVersion = 10.0.40219.1
Project("{9A19103F-16F7-4668-BE54-9A1E7A4F7556}") = "SWallet-API", "SWallet-API\SWallet-API.csproj", "{293ADF62-E1E7-45E7-8C72-3CC613D68597}"
EndProject
Project("{9A19103F-16F7-4668-BE54-9A1E7A4F7556}") = "SWallet.Domain", "SWallet.Domain\SWallet.Domain.csproj", "{1A61B8DB-6922-4B07-B007-D0AB9495C48C}"
EndProject
Project("{9A19103F-16F7-4668-BE54-9A1E7A4F7556}") = "SWallet.Repository", "SWallet.Repository\SWallet.Repository.csproj", "{C1A1CCC5-7268-49A2-BD0D-39986E6DF110}"
EndProject
Project("{FAE04EC0-301F-11D3-BF4B-00C04F79EFBC}") = "Swallet_UnitTest", "Swallet_UnitTest\Swallet_UnitTest.csproj", "{42B0C122-63E2-4652-909F-40BB60F15D97}"
EndProject
Global
	GlobalSection(SolutionConfigurationPlatforms) = preSolution
		Debug|Any CPU = Debug|Any CPU
		Release|Any CPU = Release|Any CPU
	EndGlobalSection
	GlobalSection(ProjectConfigurationPlatforms) = postSolution
		{293ADF62-E1E7-45E7-8C72-3CC613D68597}.Debug|Any CPU.ActiveCfg = Debug|Any CPU
		{293ADF62-E1E7-45E7-8C72-3CC613D68597}.Debug|Any CPU.Build.0 = Debug|Any CPU
		{293ADF62-E1E7-45E7-8C72-3CC613D68597}.Release|Any CPU.ActiveCfg = Release|Any CPU
		{293ADF62-E1E7-45E7-8C72-3CC613D68597}.Release|Any CPU.Build.0 = Release|Any CPU
		{1A61B8DB-6922-4B07-B007-D0AB9495C48C}.Debug|Any CPU.ActiveCfg = Debug|Any CPU
		{1A61B8DB-6922-4B07-B007-D0AB9495C48C}.Debug|Any CPU.Build.0 = Debug|Any CPU
		{1A61B8DB-6922-4B07-B007-D0AB9495C48C}.Release|Any CPU.ActiveCfg = Release|Any CPU
		{1A61B8DB-6922-4B07-B007-D0AB9495C48C}.Release|Any CPU.Build.0 = Release|Any CPU
		{C1A1CCC5-7268-49A2-BD0D-39986E6DF110}.Debug|Any CPU.ActiveCfg = Debug|Any CPU
		{C1A1CCC5-7268-49A2-BD0D-39986E6DF110}.Debug|Any CPU.Build.0 = Debug|Any CPU
		{C1A1CCC5-7268-49A2-BD0D-39986E6DF110}.Release|Any CPU.ActiveCfg = Release|Any CPU
		{C1A1CCC5-7268-49A2-BD0D-39986E6DF110}.Release|Any CPU.Build.0 = Release|Any CPU
		{42B0C122-63E2-4652-909F-40BB60F15D97}.Debug|Any CPU.ActiveCfg = Debug|Any CPU
		{42B0C122-63E2-4652-909F-40BB60F15D97}.Debug|Any CPU.Build.0 = Debug|Any CPU
		{42B0C122-63E2-4652-909F-40BB60F15D97}.Release|Any CPU.ActiveCfg = Release|Any CPU
		{42B0C122-63E2-4652-909F-40BB60F15D97}.Release|Any CPU.Build.0 = Release|Any CPU
	EndGlobalSection
	GlobalSection(SolutionProperties) = preSolution
		HideSolutionNode = FALSE
	EndGlobalSection
	GlobalSection(ExtensibilityGlobals) = postSolution
		SolutionGuid = {FB753583-2FDC-4685-BC24-7944E2C0945C}
	EndGlobalSection
EndGlobal
